Microsoft Visual Studio Solution File, Format Version 12.00
# Visual Studio Version 17
VisualStudioVersion = 17.5.2.0
MinimumVisualStudioVersion = 10.0.40219.1
Project("{FAE04EC0-301F-11D3-BF4B-00C04F79EFBC}") = "AlmoxarifadoSenai.Api", "AlmoxarifadoSenai.Api\AlmoxarifadoSenai.Api.csproj", "{D3F125C6-922D-716A-D199-63B63735FF6D}"
EndProject
Global
	GlobalSection(SolutionConfigurationPlatforms) = preSolution
		Debug|Any CPU = Debug|Any CPU
		Release|Any CPU = Release|Any CPU
	EndGlobalSection
	GlobalSection(ProjectConfigurationPlatforms) = postSolution
		{D3F125C6-922D-716A-D199-63B63735FF6D}.Debug|Any CPU.ActiveCfg = Debug|Any CPU
		{D3F125C6-922D-716A-D199-63B63735FF6D}.Debug|Any CPU.Build.0 = Debug|Any CPU
		{D3F125C6-922D-716A-D199-63B63735FF6D}.Release|Any CPU.ActiveCfg = Release|Any CPU
		{D3F125C6-922D-716A-D199-63B63735FF6D}.Release|Any CPU.Build.0 = Release|Any CPU
	EndGlobalSection
	GlobalSection(SolutionProperties) = preSolution
		HideSolutionNode = FALSE
	EndGlobalSection
	GlobalSection(ExtensibilityGlobals) = postSolution
		SolutionGuid = {CE2C5AFB-2D55-468E-86F2-A25E72FC38C1}
	EndGlobalSection
EndGlobal
